// !$*UTF8*$!
{
	archiveVersion = 1;
	classes = {
	};
	objectVersion = 55;
	objects = {

/* Begin PBXBuildFile section */
		7752CE9C13B8F4E16773561F /* Pods_Stats365.framework in Frameworks */ = {isa = PBXBuildFile; fileRef = 144111A4CF951530E3A443DD /* Pods_Stats365.framework */; };
		C48481EF292BEBEB0021174D /* MainVC.swift in Sources */ = {isa = PBXBuildFile; fileRef = C48481EE292BEBEB0021174D /* MainVC.swift */; };
		C48481F1292BEC300021174D /* CalendarVC.swift in Sources */ = {isa = PBXBuildFile; fileRef = C48481F0292BEC300021174D /* CalendarVC.swift */; };
		C48481F3292BEC420021174D /* MatchVC.swift in Sources */ = {isa = PBXBuildFile; fileRef = C48481F2292BEC420021174D /* MatchVC.swift */; };
		C48481F5292BEC760021174D /* BetVC.swift in Sources */ = {isa = PBXBuildFile; fileRef = C48481F4292BEC760021174D /* BetVC.swift */; };
		C48481F7292BEC880021174D /* MatchInfoVC.swift in Sources */ = {isa = PBXBuildFile; fileRef = C48481F6292BEC880021174D /* MatchInfoVC.swift */; };
		C48481F9292BEC980021174D /* MyBetsVC.swift in Sources */ = {isa = PBXBuildFile; fileRef = C48481F8292BEC980021174D /* MyBetsVC.swift */; };
		C48481FB292BECAE0021174D /* MyBetsCalendarVC.swift in Sources */ = {isa = PBXBuildFile; fileRef = C48481FA292BECAE0021174D /* MyBetsCalendarVC.swift */; };
		C48481FD292BECBE0021174D /* StatsVC.swift in Sources */ = {isa = PBXBuildFile; fileRef = C48481FC292BECBE0021174D /* StatsVC.swift */; };
		C48481FF292BECC90021174D /* NewsVC.swift in Sources */ = {isa = PBXBuildFile; fileRef = C48481FE292BECC90021174D /* NewsVC.swift */; };
		FF2A0064292B34E6005BCB6F /* AppDelegate.swift in Sources */ = {isa = PBXBuildFile; fileRef = FF2A0063292B34E6005BCB6F /* AppDelegate.swift */; };
		FF2A0066292B34E6005BCB6F /* SceneDelegate.swift in Sources */ = {isa = PBXBuildFile; fileRef = FF2A0065292B34E6005BCB6F /* SceneDelegate.swift */; };
		FF2A0068292B34E6005BCB6F /* ViewController.swift in Sources */ = {isa = PBXBuildFile; fileRef = FF2A0067292B34E6005BCB6F /* ViewController.swift */; };
		FF2A006B292B34E6005BCB6F /* Main.storyboard in Resources */ = {isa = PBXBuildFile; fileRef = FF2A0069292B34E6005BCB6F /* Main.storyboard */; };
		FF2A006D292B34E8005BCB6F /* Assets.xcassets in Resources */ = {isa = PBXBuildFile; fileRef = FF2A006C292B34E8005BCB6F /* Assets.xcassets */; };
		FF2A0070292B34E8005BCB6F /* LaunchScreen.storyboard in Resources */ = {isa = PBXBuildFile; fileRef = FF2A006E292B34E8005BCB6F /* LaunchScreen.storyboard */; };
/* End PBXBuildFile section */

/* Begin PBXFileReference section */
		144111A4CF951530E3A443DD /* Pods_Stats365.framework */ = {isa = PBXFileReference; explicitFileType = wrapper.framework; includeInIndex = 0; path = Pods_Stats365.framework; sourceTree = BUILT_PRODUCTS_DIR; };
		1DCE60FCF7CFFF8330F93CAD /* Pods-Stats365.release.xcconfig */ = {isa = PBXFileReference; includeInIndex = 1; lastKnownFileType = text.xcconfig; name = "Pods-Stats365.release.xcconfig"; path = "Target Support Files/Pods-Stats365/Pods-Stats365.release.xcconfig"; sourceTree = "<group>"; };
		4E60A04981F3D6F54B16E204 /* Pods-Stats365.debug.xcconfig */ = {isa = PBXFileReference; includeInIndex = 1; lastKnownFileType = text.xcconfig; name = "Pods-Stats365.debug.xcconfig"; path = "Target Support Files/Pods-Stats365/Pods-Stats365.debug.xcconfig"; sourceTree = "<group>"; };
		C48481EE292BEBEB0021174D /* MainVC.swift */ = {isa = PBXFileReference; lastKnownFileType = sourcecode.swift; path = MainVC.swift; sourceTree = "<group>"; };
		C48481F0292BEC300021174D /* CalendarVC.swift */ = {isa = PBXFileReference; lastKnownFileType = sourcecode.swift; path = CalendarVC.swift; sourceTree = "<group>"; };
		C48481F2292BEC420021174D /* MatchVC.swift */ = {isa = PBXFileReference; lastKnownFileType = sourcecode.swift; path = MatchVC.swift; sourceTree = "<group>"; };
		C48481F4292BEC760021174D /* BetVC.swift */ = {isa = PBXFileReference; lastKnownFileType = sourcecode.swift; path = BetVC.swift; sourceTree = "<group>"; };
		C48481F6292BEC880021174D /* MatchInfoVC.swift */ = {isa = PBXFileReference; lastKnownFileType = sourcecode.swift; path = MatchInfoVC.swift; sourceTree = "<group>"; };
		C48481F8292BEC980021174D /* MyBetsVC.swift */ = {isa = PBXFileReference; lastKnownFileType = sourcecode.swift; path = MyBetsVC.swift; sourceTree = "<group>"; };
		C48481FA292BECAE0021174D /* MyBetsCalendarVC.swift */ = {isa = PBXFileReference; lastKnownFileType = sourcecode.swift; path = MyBetsCalendarVC.swift; sourceTree = "<group>"; };
		C48481FC292BECBE0021174D /* StatsVC.swift */ = {isa = PBXFileReference; lastKnownFileType = sourcecode.swift; path = StatsVC.swift; sourceTree = "<group>"; };
		C48481FE292BECC90021174D /* NewsVC.swift */ = {isa = PBXFileReference; lastKnownFileType = sourcecode.swift; path = NewsVC.swift; sourceTree = "<group>"; };
		FF2A0060292B34E6005BCB6F /* Stats365.app */ = {isa = PBXFileReference; explicitFileType = wrapper.application; includeInIndex = 0; path = Stats365.app; sourceTree = BUILT_PRODUCTS_DIR; };
		FF2A0063292B34E6005BCB6F /* AppDelegate.swift */ = {isa = PBXFileReference; lastKnownFileType = sourcecode.swift; path = AppDelegate.swift; sourceTree = "<group>"; };
		FF2A0065292B34E6005BCB6F /* SceneDelegate.swift */ = {isa = PBXFileReference; lastKnownFileType = sourcecode.swift; path = SceneDelegate.swift; sourceTree = "<group>"; };
		FF2A0067292B34E6005BCB6F /* ViewController.swift */ = {isa = PBXFileReference; lastKnownFileType = sourcecode.swift; path = ViewController.swift; sourceTree = "<group>"; };
		FF2A006A292B34E6005BCB6F /* Base */ = {isa = PBXFileReference; lastKnownFileType = file.storyboard; name = Base; path = Base.lproj/Main.storyboard; sourceTree = "<group>"; };
		FF2A006C292B34E8005BCB6F /* Assets.xcassets */ = {isa = PBXFileReference; lastKnownFileType = folder.assetcatalog; path = Assets.xcassets; sourceTree = "<group>"; };
		FF2A006F292B34E8005BCB6F /* Base */ = {isa = PBXFileReference; lastKnownFileType = file.storyboard; name = Base; path = Base.lproj/LaunchScreen.storyboard; sourceTree = "<group>"; };
		FF2A0071292B34E8005BCB6F /* Info.plist */ = {isa = PBXFileReference; lastKnownFileType = text.plist.xml; path = Info.plist; sourceTree = "<group>"; };
/* End PBXFileReference section */

/* Begin PBXFrameworksBuildPhase section */
		FF2A005D292B34E6005BCB6F /* Frameworks */ = {
			isa = PBXFrameworksBuildPhase;
			buildActionMask = 2147483647;
			files = (
				7752CE9C13B8F4E16773561F /* Pods_Stats365.framework in Frameworks */,
			);
			runOnlyForDeploymentPostprocessing = 0;
		};
/* End PBXFrameworksBuildPhase section */

/* Begin PBXGroup section */
		017A1EA61A7ED145BF6E0EC3 /* Pods */ = {
			isa = PBXGroup;
			children = (
				4E60A04981F3D6F54B16E204 /* Pods-Stats365.debug.xcconfig */,
				1DCE60FCF7CFFF8330F93CAD /* Pods-Stats365.release.xcconfig */,
			);
			path = Pods;
			sourceTree = "<group>";
		};
		3823CBD14034F996254D3F8D /* Frameworks */ = {
			isa = PBXGroup;
			children = (
				144111A4CF951530E3A443DD /* Pods_Stats365.framework */,
			);
			name = Frameworks;
			sourceTree = "<group>";
		};
		C48481EB292BEB260021174D /* Model */ = {
			isa = PBXGroup;
			children = (
			);
			path = Model;
			sourceTree = "<group>";
		};
		C48481EC292BEB2E0021174D /* View */ = {
			isa = PBXGroup;
			children = (
			);
			path = View;
			sourceTree = "<group>";
		};
		C48481ED292BEB350021174D /* Controller */ = {
			isa = PBXGroup;
			children = (
				C48481EE292BEBEB0021174D /* MainVC.swift */,
				C48481F0292BEC300021174D /* CalendarVC.swift */,
				C48481F2292BEC420021174D /* MatchVC.swift */,
				C48481F4292BEC760021174D /* BetVC.swift */,
				C48481F6292BEC880021174D /* MatchInfoVC.swift */,
				C48481F8292BEC980021174D /* MyBetsVC.swift */,
				C48481FA292BECAE0021174D /* MyBetsCalendarVC.swift */,
				C48481FC292BECBE0021174D /* StatsVC.swift */,
				C48481FE292BECC90021174D /* NewsVC.swift */,
			);
			path = Controller;
			sourceTree = "<group>";
		};
		FF2A0057292B34E6005BCB6F = {
			isa = PBXGroup;
			children = (
				FF2A0062292B34E6005BCB6F /* Stats365 */,
				FF2A0061292B34E6005BCB6F /* Products */,
				017A1EA61A7ED145BF6E0EC3 /* Pods */,
				3823CBD14034F996254D3F8D /* Frameworks */,
			);
			sourceTree = "<group>";
		};
		FF2A0061292B34E6005BCB6F /* Products */ = {
			isa = PBXGroup;
			children = (
				FF2A0060292B34E6005BCB6F /* Stats365.app */,
			);
			name = Products;
			sourceTree = "<group>";
		};
		FF2A0062292B34E6005BCB6F /* Stats365 */ = {
			isa = PBXGroup;
			children = (
				C48481ED292BEB350021174D /* Controller */,
				C48481EC292BEB2E0021174D /* View */,
				C48481EB292BEB260021174D /* Model */,
				FF2A0063292B34E6005BCB6F /* AppDelegate.swift */,
				FF2A0065292B34E6005BCB6F /* SceneDelegate.swift */,
				FF2A0067292B34E6005BCB6F /* ViewController.swift */,
				FF2A0069292B34E6005BCB6F /* Main.storyboard */,
				FF2A006C292B34E8005BCB6F /* Assets.xcassets */,
				FF2A006E292B34E8005BCB6F /* LaunchScreen.storyboard */,
				FF2A0071292B34E8005BCB6F /* Info.plist */,
			);
			path = Stats365;
			sourceTree = "<group>";
		};
/* End PBXGroup section */

/* Begin PBXNativeTarget section */
		FF2A005F292B34E6005BCB6F /* Stats365 */ = {
			isa = PBXNativeTarget;
			buildConfigurationList = FF2A0074292B34E8005BCB6F /* Build configuration list for PBXNativeTarget "Stats365" */;
			buildPhases = (
				DA84AC54BBD3522D2763B64E /* [CP] Check Pods Manifest.lock */,
				FF2A005C292B34E6005BCB6F /* Sources */,
				FF2A005D292B34E6005BCB6F /* Frameworks */,
				FF2A005E292B34E6005BCB6F /* Resources */,
				E36311DCE3B2AE3A6AE2835B /* [CP] Embed Pods Frameworks */,
			);
			buildRules = (
			);
			dependencies = (
			);
			name = Stats365;
			productName = Stats365;
			productReference = FF2A0060292B34E6005BCB6F /* Stats365.app */;
			productType = "com.apple.product-type.application";
		};
/* End PBXNativeTarget section */

/* Begin PBXProject section */
		FF2A0058292B34E6005BCB6F /* Project object */ = {
			isa = PBXProject;
			attributes = {
				BuildIndependentTargetsInParallel = 1;
				LastSwiftUpdateCheck = 1400;
				LastUpgradeCheck = 1400;
				TargetAttributes = {
					FF2A005F292B34E6005BCB6F = {
						CreatedOnToolsVersion = 14.0.1;
					};
				};
			};
			buildConfigurationList = FF2A005B292B34E6005BCB6F /* Build configuration list for PBXProject "Stats365" */;
			compatibilityVersion = "Xcode 13.0";
			developmentRegion = en;
			hasScannedForEncodings = 0;
			knownRegions = (
				en,
				Base,
			);
			mainGroup = FF2A0057292B34E6005BCB6F;
			productRefGroup = FF2A0061292B34E6005BCB6F /* Products */;
			projectDirPath = "";
			projectRoot = "";
			targets = (
				FF2A005F292B34E6005BCB6F /* Stats365 */,
			);
		};
/* End PBXProject section */

/* Begin PBXResourcesBuildPhase section */
		FF2A005E292B34E6005BCB6F /* Resources */ = {
			isa = PBXResourcesBuildPhase;
			buildActionMask = 2147483647;
			files = (
				FF2A0070292B34E8005BCB6F /* LaunchScreen.storyboard in Resources */,
				FF2A006D292B34E8005BCB6F /* Assets.xcassets in Resources */,
				FF2A006B292B34E6005BCB6F /* Main.storyboard in Resources */,
			);
			runOnlyForDeploymentPostprocessing = 0;
		};
/* End PBXResourcesBuildPhase section */

/* Begin PBXShellScriptBuildPhase section */
		DA84AC54BBD3522D2763B64E /* [CP] Check Pods Manifest.lock */ = {
			isa = PBXShellScriptBuildPhase;
			buildActionMask = 2147483647;
			files = (
			);
			inputFileListPaths = (
			);
			inputPaths = (
				"${PODS_PODFILE_DIR_PATH}/Podfile.lock",
				"${PODS_ROOT}/Manifest.lock",
			);
			name = "[CP] Check Pods Manifest.lock";
			outputFileListPaths = (
			);
			outputPaths = (
				"$(DERIVED_FILE_DIR)/Pods-Stats365-checkManifestLockResult.txt",
			);
			runOnlyForDeploymentPostprocessing = 0;
			shellPath = /bin/sh;
			shellScript = "diff \"${PODS_PODFILE_DIR_PATH}/Podfile.lock\" \"${PODS_ROOT}/Manifest.lock\" > /dev/null\nif [ $? != 0 ] ; then\n    # print error to STDERR\n    echo \"error: The sandbox is not in sync with the Podfile.lock. Run 'pod install' or update your CocoaPods installation.\" >&2\n    exit 1\nfi\n# This output is used by Xcode 'outputs' to avoid re-running this script phase.\necho \"SUCCESS\" > \"${SCRIPT_OUTPUT_FILE_0}\"\n";
			showEnvVarsInLog = 0;
		};
		E36311DCE3B2AE3A6AE2835B /* [CP] Embed Pods Frameworks */ = {
			isa = PBXShellScriptBuildPhase;
			buildActionMask = 2147483647;
			files = (
			);
			inputFileListPaths = (
				"${PODS_ROOT}/Target Support Files/Pods-Stats365/Pods-Stats365-frameworks-${CONFIGURATION}-input-files.xcfilelist",
			);
			name = "[CP] Embed Pods Frameworks";
			outputFileListPaths = (
				"${PODS_ROOT}/Target Support Files/Pods-Stats365/Pods-Stats365-frameworks-${CONFIGURATION}-output-files.xcfilelist",
			);
			runOnlyForDeploymentPostprocessing = 0;
			shellPath = /bin/sh;
			shellScript = "\"${PODS_ROOT}/Target Support Files/Pods-Stats365/Pods-Stats365-frameworks.sh\"\n";
			showEnvVarsInLog = 0;
		};
/* End PBXShellScriptBuildPhase section */

/* Begin PBXSourcesBuildPhase section */
		FF2A005C292B34E6005BCB6F /* Sources */ = {
			isa = PBXSourcesBuildPhase;
			buildActionMask = 2147483647;
			files = (
				FF2A0068292B34E6005BCB6F /* ViewController.swift in Sources */,
				C48481F3292BEC420021174D /* MatchVC.swift in Sources */,
				C48481F1292BEC300021174D /* CalendarVC.swift in Sources */,
				C48481EF292BEBEB0021174D /* MainVC.swift in Sources */,
				C48481FB292BECAE0021174D /* MyBetsCalendarVC.swift in Sources */,
				C48481FF292BECC90021174D /* NewsVC.swift in Sources */,
				C48481F5292BEC760021174D /* BetVC.swift in Sources */,
				C48481FD292BECBE0021174D /* StatsVC.swift in Sources */,
				FF2A0064292B34E6005BCB6F /* AppDelegate.swift in Sources */,
				C48481F7292BEC880021174D /* MatchInfoVC.swift in Sources */,
				FF2A0066292B34E6005BCB6F /* SceneDelegate.swift in Sources */,
				C48481F9292BEC980021174D /* MyBetsVC.swift in Sources */,
			);
			runOnlyForDeploymentPostprocessing = 0;
		};
/* End PBXSourcesBuildPhase section */

/* Begin PBXVariantGroup section */
		FF2A0069292B34E6005BCB6F /* Main.storyboard */ = {
			isa = PBXVariantGroup;
			children = (
				FF2A006A292B34E6005BCB6F /* Base */,
			);
			name = Main.storyboard;
			sourceTree = "<group>";
		};
		FF2A006E292B34E8005BCB6F /* LaunchScreen.storyboard */ = {
			isa = PBXVariantGroup;
			children = (
				FF2A006F292B34E8005BCB6F /* Base */,
			);
			name = LaunchScreen.storyboard;
			sourceTree = "<group>";
		};
/* End PBXVariantGroup section */

/* Begin XCBuildConfiguration section */
		FF2A0072292B34E8005BCB6F /* Debug */ = {
			isa = XCBuildConfiguration;
			buildSettings = {
				ALWAYS_SEARCH_USER_PATHS = NO;
				CLANG_ANALYZER_NONNULL = YES;
				CLANG_ANALYZER_NUMBER_OBJECT_CONVERSION = YES_AGGRESSIVE;
				CLANG_CXX_LANGUAGE_STANDARD = "gnu++20";
				CLANG_ENABLE_MODULES = YES;
				CLANG_ENABLE_OBJC_ARC = YES;
				CLANG_ENABLE_OBJC_WEAK = YES;
				CLANG_WARN_BLOCK_CAPTURE_AUTORELEASING = YES;
				CLANG_WARN_BOOL_CONVERSION = YES;
				CLANG_WARN_COMMA = YES;
				CLANG_WARN_CONSTANT_CONVERSION = YES;
				CLANG_WARN_DEPRECATED_OBJC_IMPLEMENTATIONS = YES;
				CLANG_WARN_DIRECT_OBJC_ISA_USAGE = YES_ERROR;
				CLANG_WARN_DOCUMENTATION_COMMENTS = YES;
				CLANG_WARN_EMPTY_BODY = YES;
				CLANG_WARN_ENUM_CONVERSION = YES;
				CLANG_WARN_INFINITE_RECURSION = YES;
				CLANG_WARN_INT_CONVERSION = YES;
				CLANG_WARN_NON_LITERAL_NULL_CONVERSION = YES;
				CLANG_WARN_OBJC_IMPLICIT_RETAIN_SELF = YES;
				CLANG_WARN_OBJC_LITERAL_CONVERSION = YES;
				CLANG_WARN_OBJC_ROOT_CLASS = YES_ERROR;
				CLANG_WARN_QUOTED_INCLUDE_IN_FRAMEWORK_HEADER = YES;
				CLANG_WARN_RANGE_LOOP_ANALYSIS = YES;
				CLANG_WARN_STRICT_PROTOTYPES = YES;
				CLANG_WARN_SUSPICIOUS_MOVE = YES;
				CLANG_WARN_UNGUARDED_AVAILABILITY = YES_AGGRESSIVE;
				CLANG_WARN_UNREACHABLE_CODE = YES;
				CLANG_WARN__DUPLICATE_METHOD_MATCH = YES;
				COPY_PHASE_STRIP = NO;
				DEBUG_INFORMATION_FORMAT = dwarf;
				ENABLE_STRICT_OBJC_MSGSEND = YES;
				ENABLE_TESTABILITY = YES;
				GCC_C_LANGUAGE_STANDARD = gnu11;
				GCC_DYNAMIC_NO_PIC = NO;
				GCC_NO_COMMON_BLOCKS = YES;
				GCC_OPTIMIZATION_LEVEL = 0;
				GCC_PREPROCESSOR_DEFINITIONS = (
					"DEBUG=1",
					"$(inherited)",
				);
				GCC_WARN_64_TO_32_BIT_CONVERSION = YES;
				GCC_WARN_ABOUT_RETURN_TYPE = YES_ERROR;
				GCC_WARN_UNDECLARED_SELECTOR = YES;
				GCC_WARN_UNINITIALIZED_AUTOS = YES_AGGRESSIVE;
				GCC_WARN_UNUSED_FUNCTION = YES;
				GCC_WARN_UNUSED_VARIABLE = YES;
				IPHONEOS_DEPLOYMENT_TARGET = 16.0;
				MTL_ENABLE_DEBUG_INFO = INCLUDE_SOURCE;
				MTL_FAST_MATH = YES;
				ONLY_ACTIVE_ARCH = YES;
				SDKROOT = iphoneos;
				SWIFT_ACTIVE_COMPILATION_CONDITIONS = DEBUG;
				SWIFT_OPTIMIZATION_LEVEL = "-Onone";
			};
			name = Debug;
		};
		FF2A0073292B34E8005BCB6F /* Release */ = {
			isa = XCBuildConfiguration;
			buildSettings = {
				ALWAYS_SEARCH_USER_PATHS = NO;
				CLANG_ANALYZER_NONNULL = YES;
				CLANG_ANALYZER_NUMBER_OBJECT_CONVERSION = YES_AGGRESSIVE;
				CLANG_CXX_LANGUAGE_STANDARD = "gnu++20";
				CLANG_ENABLE_MODULES = YES;
				CLANG_ENABLE_OBJC_ARC = YES;
				CLANG_ENABLE_OBJC_WEAK = YES;
				CLANG_WARN_BLOCK_CAPTURE_AUTORELEASING = YES;
				CLANG_WARN_BOOL_CONVERSION = YES;
				CLANG_WARN_COMMA = YES;
				CLANG_WARN_CONSTANT_CONVERSION = YES;
				CLANG_WARN_DEPRECATED_OBJC_IMPLEMENTATIONS = YES;
				CLANG_WARN_DIRECT_OBJC_ISA_USAGE = YES_ERROR;
				CLANG_WARN_DOCUMENTATION_COMMENTS = YES;
				CLANG_WARN_EMPTY_BODY = YES;
				CLANG_WARN_ENUM_CONVERSION = YES;
				CLANG_WARN_INFINITE_RECURSION = YES;
				CLANG_WARN_INT_CONVERSION = YES;
				CLANG_WARN_NON_LITERAL_NULL_CONVERSION = YES;
				CLANG_WARN_OBJC_IMPLICIT_RETAIN_SELF = YES;
				CLANG_WARN_OBJC_LITERAL_CONVERSION = YES;
				CLANG_WARN_OBJC_ROOT_CLASS = YES_ERROR;
				CLANG_WARN_QUOTED_INCLUDE_IN_FRAMEWORK_HEADER = YES;
				CLANG_WARN_RANGE_LOOP_ANALYSIS = YES;
				CLANG_WARN_STRICT_PROTOTYPES = YES;
				CLANG_WARN_SUSPICIOUS_MOVE = YES;
				CLANG_WARN_UNGUARDED_AVAILABILITY = YES_AGGRESSIVE;
				CLANG_WARN_UNREACHABLE_CODE = YES;
				CLANG_WARN__DUPLICATE_METHOD_MATCH = YES;
				COPY_PHASE_STRIP = NO;
				DEBUG_INFORMATION_FORMAT = "dwarf-with-dsym";
				ENABLE_NS_ASSERTIONS = NO;
				ENABLE_STRICT_OBJC_MSGSEND = YES;
				GCC_C_LANGUAGE_STANDARD = gnu11;
				GCC_NO_COMMON_BLOCKS = YES;
				GCC_WARN_64_TO_32_BIT_CONVERSION = YES;
				GCC_WARN_ABOUT_RETURN_TYPE = YES_ERROR;
				GCC_WARN_UNDECLARED_SELECTOR = YES;
				GCC_WARN_UNINITIALIZED_AUTOS = YES_AGGRESSIVE;
				GCC_WARN_UNUSED_FUNCTION = YES;
				GCC_WARN_UNUSED_VARIABLE = YES;
				IPHONEOS_DEPLOYMENT_TARGET = 16.0;
				MTL_ENABLE_DEBUG_INFO = NO;
				MTL_FAST_MATH = YES;
				SDKROOT = iphoneos;
				SWIFT_COMPILATION_MODE = wholemodule;
				SWIFT_OPTIMIZATION_LEVEL = "-O";
				VALIDATE_PRODUCT = YES;
			};
			name = Release;
		};
		FF2A0075292B34E8005BCB6F /* Debug */ = {
			isa = XCBuildConfiguration;
			baseConfigurationReference = 4E60A04981F3D6F54B16E204 /* Pods-Stats365.debug.xcconfig */;
			buildSettings = {
				ASSETCATALOG_COMPILER_APPICON_NAME = AppIcon;
				ASSETCATALOG_COMPILER_GLOBAL_ACCENT_COLOR_NAME = AccentColor;
				CODE_SIGN_STYLE = Automatic;
				CURRENT_PROJECT_VERSION = 1;
				DEVELOPMENT_TEAM = 63MRMFLDND;
				GENERATE_INFOPLIST_FILE = YES;
				INFOPLIST_FILE = Stats365/Info.plist;
				INFOPLIST_KEY_CFBundleDisplayName = Stats365;
				INFOPLIST_KEY_UIApplicationSupportsIndirectInputEvents = YES;
				INFOPLIST_KEY_UILaunchStoryboardName = LaunchScreen;
				INFOPLIST_KEY_UIMainStoryboardFile = Main;
				INFOPLIST_KEY_UISupportedInterfaceOrientations = UIInterfaceOrientationPortrait;
				IPHONEOS_DEPLOYMENT_TARGET = 13.0;
				LD_RUNPATH_SEARCH_PATHS = (
					"$(inherited)",
					"@executable_path/Frameworks",
				);
				MARKETING_VERSION = 1.0;
				PRODUCT_BUNDLE_IDENTIFIER = com.severobog.testID;
				PRODUCT_NAME = "$(TARGET_NAME)";
				SWIFT_EMIT_LOC_STRINGS = YES;
				SWIFT_VERSION = 5.0;
				TARGETED_DEVICE_FAMILY = "1,2";
			};
			name = Debug;
		};
		FF2A0076292B34E8005BCB6F /* Release */ = {
			isa = XCBuildConfiguration;
			baseConfigurationReference = 1DCE60FCF7CFFF8330F93CAD /* Pods-Stats365.release.xcconfig */;
			buildSettings = {
				ASSETCATALOG_COMPILER_APPICON_NAME = AppIcon;
				ASSETCATALOG_COMPILER_GLOBAL_ACCENT_COLOR_NAME = AccentColor;
				CODE_SIGN_STYLE = Automatic;
				CURRENT_PROJECT_VERSION = 1;
				DEVELOPMENT_TEAM = 63MRMFLDND;
				GENERATE_INFOPLIST_FILE = YES;
				INFOPLIST_FILE = Stats365/Info.plist;
				INFOPLIST_KEY_CFBundleDisplayName = Stats365;
				INFOPLIST_KEY_UIApplicationSupportsIndirectInputEvents = YES;
				INFOPLIST_KEY_UILaunchStoryboardName = LaunchScreen;
				INFOPLIST_KEY_UIMainStoryboardFile = Main;
				INFOPLIST_KEY_UISupportedInterfaceOrientations = UIInterfaceOrientationPortrait;
				IPHONEOS_DEPLOYMENT_TARGET = 13.0;
				LD_RUNPATH_SEARCH_PATHS = (
					"$(inherited)",
					"@executable_path/Frameworks",
				);
				MARKETING_VERSION = 1.0;
				PRODUCT_BUNDLE_IDENTIFIER = com.severobog.testID;
				PRODUCT_NAME = "$(TARGET_NAME)";
				SWIFT_EMIT_LOC_STRINGS = YES;
				SWIFT_VERSION = 5.0;
				TARGETED_DEVICE_FAMILY = "1,2";
			};
			name = Release;
		};
/* End XCBuildConfiguration section */

/* Begin XCConfigurationList section */
		FF2A005B292B34E6005BCB6F /* Build configuration list for PBXProject "Stats365" */ = {
			isa = XCConfigurationList;
			buildConfigurations = (
				FF2A0072292B34E8005BCB6F /* Debug */,
				FF2A0073292B34E8005BCB6F /* Release */,
			);
			defaultConfigurationIsVisible = 0;
			defaultConfigurationName = Release;
		};
		FF2A0074292B34E8005BCB6F /* Build configuration list for PBXNativeTarget "Stats365" */ = {
			isa = XCConfigurationList;
			buildConfigurations = (
				FF2A0075292B34E8005BCB6F /* Debug */,
				FF2A0076292B34E8005BCB6F /* Release */,
			);
			defaultConfigurationIsVisible = 0;
			defaultConfigurationName = Release;
		};
/* End XCConfigurationList section */
	};
	rootObject = FF2A0058292B34E6005BCB6F /* Project object */;
}
